
Microsoft Visual Studio Solution File, Format Version 12.00
# Visual Studio Version 17
VisualStudioVersion = 17.9.34723.18
MinimumVisualStudioVersion = 10.0.40219.1
Project("{FAE04EC0-301F-11D3-BF4B-00C04F79EFBC}") = "TerhaPatcher", "TerhaPatcher\TerhaPatcher.csproj", "{9B3DAC41-7261-448F-B655-3B970E8BC2D1}"
EndProject
Global
	GlobalSection(SolutionConfigurationPlatforms) = preSolution
		Debug|Any CPU = Debug|Any CPU
		Release|Any CPU = Release|Any CPU
	EndGlobalSection
	GlobalSection(ProjectConfigurationPlatforms) = postSolution
		{9B3DAC41-7261-448F-B655-3B970E8BC2D1}.Debug|Any CPU.ActiveCfg = Debug|Any CPU
		{9B3DAC41-7261-448F-B655-3B970E8BC2D1}.Debug|Any CPU.Build.0 = Debug|Any CPU
		{9B3DAC41-7261-448F-B655-3B970E8BC2D1}.Release|Any CPU.ActiveCfg = Release|Any CPU
		{9B3DAC41-7261-448F-B655-3B970E8BC2D1}.Release|Any CPU.Build.0 = Release|Any CPU
	EndGlobalSection
	GlobalSection(SolutionProperties) = preSolution
		HideSolutionNode = FALSE
	EndGlobalSection
	GlobalSection(ExtensibilityGlobals) = postSolution
		SolutionGuid = {54298302-F6BF-47BC-9ACA-12D6B72C87D6}
	EndGlobalSection
EndGlobal
